
Microsoft Visual Studio Solution File, Format Version 12.00
# Visual Studio Version 16
VisualStudioVersion = 16.0.31313.79
MinimumVisualStudioVersion = 10.0.40219.1
Project("{FAE04EC0-301F-11D3-BF4B-00C04F79EFBC}") = "DatasetRedirect4ADLS", "DatasetRedirect4ADLS.csproj", "{BB30D64C-36E7-4D27-AECD-D760F4097B90}"
EndProject
Global
	GlobalSection(SolutionConfigurationPlatforms) = preSolution
		Debug|Any CPU = Debug|Any CPU
		Release|Any CPU = Release|Any CPU
	EndGlobalSection
	GlobalSection(ProjectConfigurationPlatforms) = postSolution
		{BB30D64C-36E7-4D27-AECD-D760F4097B90}.Debug|Any CPU.ActiveCfg = Debug|Any CPU
		{BB30D64C-36E7-4D27-AECD-D760F4097B90}.Debug|Any CPU.Build.0 = Debug|Any CPU
		{BB30D64C-36E7-4D27-AECD-D760F4097B90}.Release|Any CPU.ActiveCfg = Release|Any CPU
		{BB30D64C-36E7-4D27-AECD-D760F4097B90}.Release|Any CPU.Build.0 = Release|Any CPU
	EndGlobalSection
	GlobalSection(SolutionProperties) = preSolution
		HideSolutionNode = FALSE
	EndGlobalSection
	GlobalSection(ExtensibilityGlobals) = postSolution
		SolutionGuid = {D8664361-E68A-4F72-9AC8-F57F13B17618}
	EndGlobalSection
EndGlobal
